
Microsoft Visual Studio Solution File, Format Version 11.00
# Visual Basic Express 2010
Project("{F184B08F-C81C-45F6-A57F-5ABD9991F28F}") = "Heartbeat", "Heartbeat\Heartbeat.vbproj", "{75146A0A-697B-493E-8B91-7FE73D534CAF}"
EndProject
Global
	GlobalSection(SolutionConfigurationPlatforms) = preSolution
		Debug|x86 = Debug|x86
		Release|x86 = Release|x86
	EndGlobalSection
	GlobalSection(ProjectConfigurationPlatforms) = postSolution
		{75146A0A-697B-493E-8B91-7FE73D534CAF}.Debug|x86.ActiveCfg = Debug|x86
		{75146A0A-697B-493E-8B91-7FE73D534CAF}.Debug|x86.Build.0 = Debug|x86
		{75146A0A-697B-493E-8B91-7FE73D534CAF}.Release|x86.ActiveCfg = Release|x86
		{75146A0A-697B-493E-8B91-7FE73D534CAF}.Release|x86.Build.0 = Release|x86
	EndGlobalSection
	GlobalSection(SolutionProperties) = preSolution
		HideSolutionNode = FALSE
	EndGlobalSection
EndGlobal
