
Microsoft Visual Studio Solution File, Format Version 11.00
# Visual Basic Express 2010
Project("{F184B08F-C81C-45F6-A57F-5ABD9991F28F}") = "Car parkings lvl hard", "Car parkings lvl hard\Car parkings lvl hard.vbproj", "{C2FF1A9D-95A0-4C5E-8626-2E1B9112C8F5}"
EndProject
Global
	GlobalSection(SolutionConfigurationPlatforms) = preSolution
		Debug|x86 = Debug|x86
		Release|x86 = Release|x86
	EndGlobalSection
	GlobalSection(ProjectConfigurationPlatforms) = postSolution
		{C2FF1A9D-95A0-4C5E-8626-2E1B9112C8F5}.Debug|x86.ActiveCfg = Debug|x86
		{C2FF1A9D-95A0-4C5E-8626-2E1B9112C8F5}.Debug|x86.Build.0 = Debug|x86
		{C2FF1A9D-95A0-4C5E-8626-2E1B9112C8F5}.Release|x86.ActiveCfg = Release|x86
		{C2FF1A9D-95A0-4C5E-8626-2E1B9112C8F5}.Release|x86.Build.0 = Release|x86
	EndGlobalSection
	GlobalSection(SolutionProperties) = preSolution
		HideSolutionNode = FALSE
	EndGlobalSection
EndGlobal
