
Microsoft Visual Studio Solution File, Format Version 11.00
# Visual Basic Express 2010
Project("{F184B08F-C81C-45F6-A57F-5ABD9991F28F}") = "PNumbers", "PNumbers\PNumbers.vbproj", "{CE69CFC1-C3F9-439A-A7C8-BCBFC0B8C6B4}"
EndProject
Global
	GlobalSection(SolutionConfigurationPlatforms) = preSolution
		Debug|x86 = Debug|x86
		Release|x86 = Release|x86
	EndGlobalSection
	GlobalSection(ProjectConfigurationPlatforms) = postSolution
		{CE69CFC1-C3F9-439A-A7C8-BCBFC0B8C6B4}.Debug|x86.ActiveCfg = Debug|x86
		{CE69CFC1-C3F9-439A-A7C8-BCBFC0B8C6B4}.Debug|x86.Build.0 = Debug|x86
		{CE69CFC1-C3F9-439A-A7C8-BCBFC0B8C6B4}.Release|x86.ActiveCfg = Release|x86
		{CE69CFC1-C3F9-439A-A7C8-BCBFC0B8C6B4}.Release|x86.Build.0 = Release|x86
	EndGlobalSection
	GlobalSection(SolutionProperties) = preSolution
		HideSolutionNode = FALSE
	EndGlobalSection
EndGlobal
