
Microsoft Visual Studio Solution File, Format Version 11.00
# Visual Basic Express 2010
Project("{F184B08F-C81C-45F6-A57F-5ABD9991F28F}") = "Digit Calculator", "Digit Calculator\Digit Calculator.vbproj", "{464D6DF8-D195-4AAC-BC93-14468816684F}"
EndProject
Global
	GlobalSection(SolutionConfigurationPlatforms) = preSolution
		Debug|x86 = Debug|x86
		Release|x86 = Release|x86
	EndGlobalSection
	GlobalSection(ProjectConfigurationPlatforms) = postSolution
		{464D6DF8-D195-4AAC-BC93-14468816684F}.Debug|x86.ActiveCfg = Debug|x86
		{464D6DF8-D195-4AAC-BC93-14468816684F}.Debug|x86.Build.0 = Debug|x86
		{464D6DF8-D195-4AAC-BC93-14468816684F}.Release|x86.ActiveCfg = Release|x86
		{464D6DF8-D195-4AAC-BC93-14468816684F}.Release|x86.Build.0 = Release|x86
	EndGlobalSection
	GlobalSection(SolutionProperties) = preSolution
		HideSolutionNode = FALSE
	EndGlobalSection
EndGlobal
